
Microsoft Visual Studio Solution File, Format Version 12.00
# Visual Studio Version 17
VisualStudioVersion = 17.3.32922.545
MinimumVisualStudioVersion = 10.0.40219.1
Project("{FAE04EC0-301F-11D3-BF4B-00C04F79EFBC}") = "DirDiff", "DirDiff\DirDiff.csproj", "{6A4A7207-E2A2-411D-885A-72C1F9372236}"
EndProject
Global
	GlobalSection(SolutionConfigurationPlatforms) = preSolution
		Debug|Any CPU = Debug|Any CPU
		Release|Any CPU = Release|Any CPU
	EndGlobalSection
	GlobalSection(ProjectConfigurationPlatforms) = postSolution
		{6A4A7207-E2A2-411D-885A-72C1F9372236}.Debug|Any CPU.ActiveCfg = Debug|Any CPU
		{6A4A7207-E2A2-411D-885A-72C1F9372236}.Debug|Any CPU.Build.0 = Debug|Any CPU
		{6A4A7207-E2A2-411D-885A-72C1F9372236}.Release|Any CPU.ActiveCfg = Release|Any CPU
		{6A4A7207-E2A2-411D-885A-72C1F9372236}.Release|Any CPU.Build.0 = Release|Any CPU
	EndGlobalSection
	GlobalSection(SolutionProperties) = preSolution
		HideSolutionNode = FALSE
	EndGlobalSection
	GlobalSection(ExtensibilityGlobals) = postSolution
		SolutionGuid = {0939F024-E4C9-4E6F-9654-1BABE518A840}
	EndGlobalSection
EndGlobal
